
Microsoft Visual Studio Solution File, Format Version 12.00
Project("{FAE04EC0-301F-11D3-BF4B-00C04F79EFBC}") = "TSP", "TSP\TSP.csproj", "{08EE2A36-BEBE-4C5F-B298-8DFB293A1C02}"
EndProject
Global
	GlobalSection(SolutionConfigurationPlatforms) = preSolution
		Debug|Any CPU = Debug|Any CPU
		Release|Any CPU = Release|Any CPU
	EndGlobalSection
	GlobalSection(ProjectConfigurationPlatforms) = postSolution
		{08EE2A36-BEBE-4C5F-B298-8DFB293A1C02}.Debug|Any CPU.ActiveCfg = Debug|Any CPU
		{08EE2A36-BEBE-4C5F-B298-8DFB293A1C02}.Debug|Any CPU.Build.0 = Debug|Any CPU
		{08EE2A36-BEBE-4C5F-B298-8DFB293A1C02}.Release|Any CPU.ActiveCfg = Release|Any CPU
		{08EE2A36-BEBE-4C5F-B298-8DFB293A1C02}.Release|Any CPU.Build.0 = Release|Any CPU
	EndGlobalSection
EndGlobal
